
Microsoft Visual Studio Solution File, Format Version 12.00
# Visual Studio Version 17
VisualStudioVersion = 17.5.33530.505
MinimumVisualStudioVersion = 10.0.40219.1
Project("{FAE04EC0-301F-11D3-BF4B-00C04F79EFBC}") = "Paint", "Paint\Paint.csproj", "{4B1BA72E-838A-4E6B-8C72-C1A616B81892}"
EndProject
Global
	GlobalSection(SolutionConfigurationPlatforms) = preSolution
		Debug|Any CPU = Debug|Any CPU
		Release|Any CPU = Release|Any CPU
	EndGlobalSection
	GlobalSection(ProjectConfigurationPlatforms) = postSolution
		{4B1BA72E-838A-4E6B-8C72-C1A616B81892}.Debug|Any CPU.ActiveCfg = Debug|Any CPU
		{4B1BA72E-838A-4E6B-8C72-C1A616B81892}.Debug|Any CPU.Build.0 = Debug|Any CPU
		{4B1BA72E-838A-4E6B-8C72-C1A616B81892}.Release|Any CPU.ActiveCfg = Release|Any CPU
		{4B1BA72E-838A-4E6B-8C72-C1A616B81892}.Release|Any CPU.Build.0 = Release|Any CPU
	EndGlobalSection
	GlobalSection(SolutionProperties) = preSolution
		HideSolutionNode = FALSE
	EndGlobalSection
	GlobalSection(ExtensibilityGlobals) = postSolution
		SolutionGuid = {B4282A87-AFC7-49E3-B4CC-FCC74B37BBF0}
	EndGlobalSection
EndGlobal
